
Microsoft Visual Studio Solution File, Format Version 12.00
# Visual Studio Version 17
VisualStudioVersion = 17.7.34024.191
MinimumVisualStudioVersion = 10.0.40219.1
Project("{2150E333-8FDC-42A3-9474-1A3956D46DE8}") = "Task0", "Task0", "{60A63568-968A-44A3-BFF1-D516F5E104DC}"
EndProject
Project("{FAE04EC0-301F-11D3-BF4B-00C04F79EFBC}") = "Tyuiu.SosninFM.Sprint0.Task0.V0", "Tyuiu.SosninFM.Sprint0.Task0.V0\Tyuiu.SosninFM.Sprint0.Task0.V0.csproj", "{AE4D624B-74FF-483D-8441-D8658C92A546}"
EndProject
Project("{2150E333-8FDC-42A3-9474-1A3956D46DE8}") = "Task1", "Task1", "{0481D265-B1B7-4BB2-9A39-B6C374CCFC73}"
EndProject
Project("{FAE04EC0-301F-11D3-BF4B-00C04F79EFBC}") = "Tyuiu.SosninFM.Sprint0.Task1.V0", "Tyuiu.SosninFM.Sprint0.Task1.V0\Tyuiu.SosninFM.Sprint0.Task1.V0.csproj", "{CCF5FCEC-796E-4048-90C2-D938F4ADA65F}"
EndProject
Project("{2150E333-8FDC-42A3-9474-1A3956D46DE8}") = "Task2", "Task2", "{FF30D2B9-590C-4A8C-AEB4-E6B82EDB931F}"
EndProject
Project("{FAE04EC0-301F-11D3-BF4B-00C04F79EFBC}") = "Tyuiu.SosninFM.Sprint0.Task2.V0", "Tyuiu.SosninFM.Sprint0.Task2.V0\Tyuiu.SosninFM.Sprint0.Task2.V0.csproj", "{F3983128-8144-4BFF-A130-0E8C21DA64BE}"
EndProject
Project("{FAE04EC0-301F-11D3-BF4B-00C04F79EFBC}") = "Tyuiu.SosninFM.Sprint0.Task2.V0.Lib", "Tyuiu.SosninFM.Sprint0.Task2.V0.Lib\Tyuiu.SosninFM.Sprint0.Task2.V0.Lib.csproj", "{0518CBF8-64C7-4FCC-9A79-70222CE63DB9}"
EndProject
Project("{FAE04EC0-301F-11D3-BF4B-00C04F79EFBC}") = "Tyuiu.SosninFM.Sprint0.Task2.V0.Test", "Tyuiu.SosninFM.Sprint0.Task2.V0.Test\Tyuiu.SosninFM.Sprint0.Task2.V0.Test.csproj", "{AB183C82-F62F-4542-89AA-A459919F17CE}"
EndProject
Project("{2150E333-8FDC-42A3-9474-1A3956D46DE8}") = "Task3", "Task3", "{9EF504F3-6E4A-4FAA-B3B1-C5552CC6B737}"
EndProject
Project("{FAE04EC0-301F-11D3-BF4B-00C04F79EFBC}") = "Tyuiu.SosninFM.Sprint0.Task3.V0.Test", "Tyuiu.SosninFM.Sprint0.Task3.V0.Test\Tyuiu.SosninFM.Sprint0.Task3.V0.Test.csproj", "{0A0521E8-B970-4420-B39F-E0A4DCAF9D9F}"
EndProject
Project("{FAE04EC0-301F-11D3-BF4B-00C04F79EFBC}") = "Tyuiu.SosninFM.Sprint0.Task3.V0.Lib", "Tyuiu.SosninFM.Sprint0.Task3.V0.Lib\Tyuiu.SosninFM.Sprint0.Task3.V0.Lib.csproj", "{0AC58A0A-481E-467A-82FD-2CD9B91D9CDA}"
EndProject
Project("{FAE04EC0-301F-11D3-BF4B-00C04F79EFBC}") = "Tyuiu.SosninFM.Sprint0.Task3.V0", "Tyuiu.SosninFM.Sprint0.Task3.V0\Tyuiu.SosninFM.Sprint0.Task3.V0.csproj", "{6E5F0171-B304-4848-B6F8-2148145DF3C9}"
EndProject
Project("{2150E333-8FDC-42A3-9474-1A3956D46DE8}") = "Task4", "Task4", "{09056545-774B-4EF3-A156-462215B66F2E}"
EndProject
Project("{FAE04EC0-301F-11D3-BF4B-00C04F79EFBC}") = "Tyuiu.SosninFM.Sprint0.Task4.V0", "Tyuiu.SosninFM.Sprint0.Task4.V0\Tyuiu.SosninFM.Sprint0.Task4.V0.csproj", "{2327C68E-E38D-4C8A-B882-B87DE8B2F03A}"
EndProject
Project("{FAE04EC0-301F-11D3-BF4B-00C04F79EFBC}") = "Tyuiu.SosninFM.Sprint0.Task4.V0.Lib", "Tyuiu.SosninFM.Sprint0.Task4.V0.Lib\Tyuiu.SosninFM.Sprint0.Task4.V0.Lib.csproj", "{5D4789C5-3CD9-463F-97D2-3E97BA2F0182}"
EndProject
Project("{FAE04EC0-301F-11D3-BF4B-00C04F79EFBC}") = "Tyuiu.SosninFM.Sprint0.Task4.V0.Test", "Tyuiu.SosninFM.Sprint0.Task4.V0.Test\Tyuiu.SosninFM.Sprint0.Task4.V0.Test.csproj", "{0933A565-4477-4104-8887-DF7F610347DA}"
EndProject
Global
	GlobalSection(SolutionConfigurationPlatforms) = preSolution
		Debug|Any CPU = Debug|Any CPU
		Release|Any CPU = Release|Any CPU
	EndGlobalSection
	GlobalSection(ProjectConfigurationPlatforms) = postSolution
		{AE4D624B-74FF-483D-8441-D8658C92A546}.Debug|Any CPU.ActiveCfg = Debug|Any CPU
		{AE4D624B-74FF-483D-8441-D8658C92A546}.Debug|Any CPU.Build.0 = Debug|Any CPU
		{AE4D624B-74FF-483D-8441-D8658C92A546}.Release|Any CPU.ActiveCfg = Release|Any CPU
		{AE4D624B-74FF-483D-8441-D8658C92A546}.Release|Any CPU.Build.0 = Release|Any CPU
		{CCF5FCEC-796E-4048-90C2-D938F4ADA65F}.Debug|Any CPU.ActiveCfg = Debug|Any CPU
		{CCF5FCEC-796E-4048-90C2-D938F4ADA65F}.Debug|Any CPU.Build.0 = Debug|Any CPU
		{CCF5FCEC-796E-4048-90C2-D938F4ADA65F}.Release|Any CPU.ActiveCfg = Release|Any CPU
		{CCF5FCEC-796E-4048-90C2-D938F4ADA65F}.Release|Any CPU.Build.0 = Release|Any CPU
		{F3983128-8144-4BFF-A130-0E8C21DA64BE}.Debug|Any CPU.ActiveCfg = Debug|Any CPU
		{F3983128-8144-4BFF-A130-0E8C21DA64BE}.Debug|Any CPU.Build.0 = Debug|Any CPU
		{F3983128-8144-4BFF-A130-0E8C21DA64BE}.Release|Any CPU.ActiveCfg = Release|Any CPU
		{F3983128-8144-4BFF-A130-0E8C21DA64BE}.Release|Any CPU.Build.0 = Release|Any CPU
		{0518CBF8-64C7-4FCC-9A79-70222CE63DB9}.Debug|Any CPU.ActiveCfg = Debug|Any CPU
		{0518CBF8-64C7-4FCC-9A79-70222CE63DB9}.Debug|Any CPU.Build.0 = Debug|Any CPU
		{0518CBF8-64C7-4FCC-9A79-70222CE63DB9}.Release|Any CPU.ActiveCfg = Release|Any CPU
		{0518CBF8-64C7-4FCC-9A79-70222CE63DB9}.Release|Any CPU.Build.0 = Release|Any CPU
		{AB183C82-F62F-4542-89AA-A459919F17CE}.Debug|Any CPU.ActiveCfg = Debug|Any CPU
		{AB183C82-F62F-4542-89AA-A459919F17CE}.Debug|Any CPU.Build.0 = Debug|Any CPU
		{AB183C82-F62F-4542-89AA-A459919F17CE}.Release|Any CPU.ActiveCfg = Release|Any CPU
		{AB183C82-F62F-4542-89AA-A459919F17CE}.Release|Any CPU.Build.0 = Release|Any CPU
		{0A0521E8-B970-4420-B39F-E0A4DCAF9D9F}.Debug|Any CPU.ActiveCfg = Debug|Any CPU
		{0A0521E8-B970-4420-B39F-E0A4DCAF9D9F}.Debug|Any CPU.Build.0 = Debug|Any CPU
		{0A0521E8-B970-4420-B39F-E0A4DCAF9D9F}.Release|Any CPU.ActiveCfg = Release|Any CPU
		{0A0521E8-B970-4420-B39F-E0A4DCAF9D9F}.Release|Any CPU.Build.0 = Release|Any CPU
		{0AC58A0A-481E-467A-82FD-2CD9B91D9CDA}.Debug|Any CPU.ActiveCfg = Debug|Any CPU
		{0AC58A0A-481E-467A-82FD-2CD9B91D9CDA}.Debug|Any CPU.Build.0 = Debug|Any CPU
		{0AC58A0A-481E-467A-82FD-2CD9B91D9CDA}.Release|Any CPU.ActiveCfg = Release|Any CPU
		{0AC58A0A-481E-467A-82FD-2CD9B91D9CDA}.Release|Any CPU.Build.0 = Release|Any CPU
		{6E5F0171-B304-4848-B6F8-2148145DF3C9}.Debug|Any CPU.ActiveCfg = Debug|Any CPU
		{6E5F0171-B304-4848-B6F8-2148145DF3C9}.Debug|Any CPU.Build.0 = Debug|Any CPU
		{6E5F0171-B304-4848-B6F8-2148145DF3C9}.Release|Any CPU.ActiveCfg = Release|Any CPU
		{6E5F0171-B304-4848-B6F8-2148145DF3C9}.Release|Any CPU.Build.0 = Release|Any CPU
		{2327C68E-E38D-4C8A-B882-B87DE8B2F03A}.Debug|Any CPU.ActiveCfg = Debug|Any CPU
		{2327C68E-E38D-4C8A-B882-B87DE8B2F03A}.Debug|Any CPU.Build.0 = Debug|Any CPU
		{2327C68E-E38D-4C8A-B882-B87DE8B2F03A}.Release|Any CPU.ActiveCfg = Release|Any CPU
		{2327C68E-E38D-4C8A-B882-B87DE8B2F03A}.Release|Any CPU.Build.0 = Release|Any CPU
		{5D4789C5-3CD9-463F-97D2-3E97BA2F0182}.Debug|Any CPU.ActiveCfg = Debug|Any CPU
		{5D4789C5-3CD9-463F-97D2-3E97BA2F0182}.Debug|Any CPU.Build.0 = Debug|Any CPU
		{5D4789C5-3CD9-463F-97D2-3E97BA2F0182}.Release|Any CPU.ActiveCfg = Release|Any CPU
		{5D4789C5-3CD9-463F-97D2-3E97BA2F0182}.Release|Any CPU.Build.0 = Release|Any CPU
		{0933A565-4477-4104-8887-DF7F610347DA}.Debug|Any CPU.ActiveCfg = Debug|Any CPU
		{0933A565-4477-4104-8887-DF7F610347DA}.Debug|Any CPU.Build.0 = Debug|Any CPU
		{0933A565-4477-4104-8887-DF7F610347DA}.Release|Any CPU.ActiveCfg = Release|Any CPU
		{0933A565-4477-4104-8887-DF7F610347DA}.Release|Any CPU.Build.0 = Release|Any CPU
	EndGlobalSection
	GlobalSection(SolutionProperties) = preSolution
		HideSolutionNode = FALSE
	EndGlobalSection
	GlobalSection(NestedProjects) = preSolution
		{AE4D624B-74FF-483D-8441-D8658C92A546} = {60A63568-968A-44A3-BFF1-D516F5E104DC}
		{CCF5FCEC-796E-4048-90C2-D938F4ADA65F} = {0481D265-B1B7-4BB2-9A39-B6C374CCFC73}
		{F3983128-8144-4BFF-A130-0E8C21DA64BE} = {FF30D2B9-590C-4A8C-AEB4-E6B82EDB931F}
		{0518CBF8-64C7-4FCC-9A79-70222CE63DB9} = {FF30D2B9-590C-4A8C-AEB4-E6B82EDB931F}
		{AB183C82-F62F-4542-89AA-A459919F17CE} = {FF30D2B9-590C-4A8C-AEB4-E6B82EDB931F}
		{0A0521E8-B970-4420-B39F-E0A4DCAF9D9F} = {9EF504F3-6E4A-4FAA-B3B1-C5552CC6B737}
		{0AC58A0A-481E-467A-82FD-2CD9B91D9CDA} = {9EF504F3-6E4A-4FAA-B3B1-C5552CC6B737}
		{6E5F0171-B304-4848-B6F8-2148145DF3C9} = {9EF504F3-6E4A-4FAA-B3B1-C5552CC6B737}
		{2327C68E-E38D-4C8A-B882-B87DE8B2F03A} = {09056545-774B-4EF3-A156-462215B66F2E}
		{5D4789C5-3CD9-463F-97D2-3E97BA2F0182} = {09056545-774B-4EF3-A156-462215B66F2E}
		{0933A565-4477-4104-8887-DF7F610347DA} = {09056545-774B-4EF3-A156-462215B66F2E}
	EndGlobalSection
	GlobalSection(ExtensibilityGlobals) = postSolution
		SolutionGuid = {1137A125-6450-477C-B927-7292D474872C}
	EndGlobalSection
EndGlobal
