
Microsoft Visual Studio Solution File, Format Version 12.00
# Visual Studio Version 17
VisualStudioVersion = 17.7.34024.191
MinimumVisualStudioVersion = 10.0.40219.1
Project("{2150E333-8FDC-42A3-9474-1A3956D46DE8}") = "Task0", "Task0", "{60A63568-968A-44A3-BFF1-D516F5E104DC}"
EndProject
Project("{FAE04EC0-301F-11D3-BF4B-00C04F79EFBC}") = "Tyuiu.SosninFM.Sprint0.Task0.V0", "Tyuiu.SosninFM.Sprint0.Task0.V0\Tyuiu.SosninFM.Sprint0.Task0.V0.csproj", "{AE4D624B-74FF-483D-8441-D8658C92A546}"
EndProject
Project("{2150E333-8FDC-42A3-9474-1A3956D46DE8}") = "Task1", "Task1", "{0481D265-B1B7-4BB2-9A39-B6C374CCFC73}"
EndProject
Project("{FAE04EC0-301F-11D3-BF4B-00C04F79EFBC}") = "Tyuiu.SosninFM.Sprint0.Task1.V0", "Tyuiu.SosninFM.Sprint0.Task1.V0\Tyuiu.SosninFM.Sprint0.Task1.V0.csproj", "{CCF5FCEC-796E-4048-90C2-D938F4ADA65F}"
EndProject
Project("{2150E333-8FDC-42A3-9474-1A3956D46DE8}") = "Task2", "Task2", "{FF30D2B9-590C-4A8C-AEB4-E6B82EDB931F}"
EndProject
Project("{FAE04EC0-301F-11D3-BF4B-00C04F79EFBC}") = "Tyuiu.SosninFM.Sprint0.Task2.V0", "Tyuiu.SosninFM.Sprint0.Task2.V0\Tyuiu.SosninFM.Sprint0.Task2.V0.csproj", "{F3983128-8144-4BFF-A130-0E8C21DA64BE}"
EndProject
Project("{FAE04EC0-301F-11D3-BF4B-00C04F79EFBC}") = "Tyuiu.SosninFM.Sprint0.Task2.V0.Lib", "Tyuiu.SosninFM.Sprint0.Task2.V0.Lib\Tyuiu.SosninFM.Sprint0.Task2.V0.Lib.csproj", "{0518CBF8-64C7-4FCC-9A79-70222CE63DB9}"
EndProject
Project("{FAE04EC0-301F-11D3-BF4B-00C04F79EFBC}") = "Tyuiu.SosninFM.Sprint0.Task2.V0.Test", "Tyuiu.SosninFM.Sprint0.Task2.V0.Test\Tyuiu.SosninFM.Sprint0.Task2.V0.Test.csproj", "{AB183C82-F62F-4542-89AA-A459919F17CE}"
EndProject
Project("{2150E333-8FDC-42A3-9474-1A3956D46DE8}") = "Task3", "Task3", "{9EF504F3-6E4A-4FAA-B3B1-C5552CC6B737}"
EndProject
Project("{FAE04EC0-301F-11D3-BF4B-00C04F79EFBC}") = "Tyuiu.SosninFM.Sprint0.Task3.V0.Test", "Tyuiu.SosninFM.Sprint0.Task3.V0.Test\Tyuiu.SosninFM.Sprint0.Task3.V0.Test.csproj", "{0A0521E8-B970-4420-B39F-E0A4DCAF9D9F}"
EndProject
Project("{FAE04EC0-301F-11D3-BF4B-00C04F79EFBC}") = "Tyuiu.SosninFM.Sprint0.Task3.V0.Lib", "Tyuiu.SosninFM.Sprint0.Task3.V0.Lib\Tyuiu.SosninFM.Sprint0.Task3.V0.Lib.csproj", "{0AC58A0A-481E-467A-82FD-2CD9B91D9CDA}"
EndProject
Project("{FAE04EC0-301F-11D3-BF4B-00C04F79EFBC}") = "Tyuiu.SosninFM.Sprint0.Task3.V0", "Tyuiu.SosninFM.Sprint0.Task3.V0\Tyuiu.SosninFM.Sprint0.Task3.V0.csproj", "{6E5F0171-B304-4848-B6F8-2148145DF3C9}"
EndProject
Project("{2150E333-8FDC-42A3-9474-1A3956D46DE8}") = "Task4", "Task4", "{09056545-774B-4EF3-A156-462215B66F2E}"
EndProject
Project("{FAE04EC0-301F-11D3-BF4B-00C04F79EFBC}") = "Tyuiu.SosninFM.Sprint0.Task4.V0", "Tyuiu.SosninFM.Sprint0.Task4.V0\Tyuiu.SosninFM.Sprint0.Task4.V0.csproj", "{2327C68E-E38D-4C8A-B882-B87DE8B2F03A}"
EndProject
Project("{FAE04EC0-301F-11D3-BF4B-00C04F79EFBC}") = "Tyuiu.SosninFM.Sprint0.Task4.V0.Lib", "Tyuiu.SosninFM.Sprint0.Task4.V0.Lib\Tyuiu.SosninFM.Sprint0.Task4.V0.Lib.csproj", "{5D4789C5-3CD9-463F-97D2-3E97BA2F0182}"
EndProject
Project("{FAE04EC0-301F-11D3-BF4B-00C04F79EFBC}") = "Tyuiu.SosninFM.Sprint0.Task4.V0.Test", "Tyuiu.SosninFM.Sprint0.Task4.V0.Test\Tyuiu.SosninFM.Sprint0.Task4.V0.Test.csproj", "{0933A565-4477-4104-8887-DF7F610347DA}"
EndProject
Project("{2150E333-8FDC-42A3-9474-1A3956D46DE8}") = "Task5", "Task5", "{9BAB2CC7-BA64-441C-BF4D-7508F28D9BD1}"
EndProject
Project("{FAE04EC0-301F-11D3-BF4B-00C04F79EFBC}") = "Tyuiu.SosninFM.Sprint0.Task5.V0", "Tyuiu.SosninFM.Sprint0.Task5.V0\Tyuiu.SosninFM.Sprint0.Task5.V0.csproj", "{932B756C-F345-44D5-9348-16405D0AD27E}"
EndProject
Project("{FAE04EC0-301F-11D3-BF4B-00C04F79EFBC}") = "Tyuiu.SosninFM.Sprint0.Task5.V0.Lib", "Tyuiu.SosninFM.Sprint0.Task5.V0.Lib\Tyuiu.SosninFM.Sprint0.Task5.V0.Lib.csproj", "{0C34BE21-97CE-4DF5-8ED2-DD0BB47100BA}"
EndProject
Project("{FAE04EC0-301F-11D3-BF4B-00C04F79EFBC}") = "Tyuiu.SosninFM.Sprint0.Task5.V0.Test", "Tyuiu.SosninFM.Sprint0.Task5.V0.Test\Tyuiu.SosninFM.Sprint0.Task5.V0.Test.csproj", "{E761340A-29FA-475B-8FE9-CC4EE9FAA74F}"
EndProject
Project("{2150E333-8FDC-42A3-9474-1A3956D46DE8}") = "Task6", "Task6", "{A18D160A-E492-47A2-8029-04DD6271625D}"
EndProject
Project("{FAE04EC0-301F-11D3-BF4B-00C04F79EFBC}") = "Tyuiu.SosninFM.Sprint0.Task6.V0", "Tyuiu.SosninFM.Sprint0.Task6.V0\Tyuiu.SosninFM.Sprint0.Task6.V0.csproj", "{52E6A163-C00F-4FB9-8D95-7BE8ADDC9384}"
EndProject
Project("{FAE04EC0-301F-11D3-BF4B-00C04F79EFBC}") = "Tyuiu.SosninFM.Sprint0.Task6.V0.Lib", "Tyuiu.SosninFM.Sprint0.Task6.V0.Lib\Tyuiu.SosninFM.Sprint0.Task6.V0.Lib.csproj", "{0E6451A2-45DF-4700-AB7B-D2AE835BAB4C}"
EndProject
Project("{FAE04EC0-301F-11D3-BF4B-00C04F79EFBC}") = "Tyuiu.SosninFM.Sprint0.Task6.V0.Test", "Tyuiu.SosninFM.Sprint0.Task6.V0.Test\Tyuiu.SosninFM.Sprint0.Task6.V0.Test.csproj", "{4513B256-597D-4286-BB57-B94DB1609B04}"
EndProject
Project("{2150E333-8FDC-42A3-9474-1A3956D46DE8}") = "Task7", "Task7", "{865EB654-838B-4C90-BAC9-EF8439F6083F}"
EndProject
Project("{FAE04EC0-301F-11D3-BF4B-00C04F79EFBC}") = "Tyuiu.SosninFM.Sprint0.Task7.V0", "Tyuiu.SosninFM.Sprint0.Task7.V0\Tyuiu.SosninFM.Sprint0.Task7.V0.csproj", "{FFF95B46-558B-47E7-B276-0F5906F6D861}"
EndProject
Project("{FAE04EC0-301F-11D3-BF4B-00C04F79EFBC}") = "Tyuiu.SosninFM.Sprint0.Task7.V0.Test", "Tyuiu.SosninFM.Sprint0.Task7.V0.Test\Tyuiu.SosninFM.Sprint0.Task7.V0.Test.csproj", "{7CF42328-358E-43FC-99BA-C18520152363}"
EndProject
Project("{FAE04EC0-301F-11D3-BF4B-00C04F79EFBC}") = "Tyuiu.SosninFM.Sprint0.Task7.V0.Lib", "Tyuiu.SosninFM.Sprint0.Task7.V0.Lib\Tyuiu.SosninFM.Sprint0.Task7.V0.Lib.csproj", "{BFCEC41E-505C-489F-84DD-EA1D8FA1574C}"
EndProject
Global
	GlobalSection(SolutionConfigurationPlatforms) = preSolution
		Debug|Any CPU = Debug|Any CPU
		Release|Any CPU = Release|Any CPU
	EndGlobalSection
	GlobalSection(ProjectConfigurationPlatforms) = postSolution
		{AE4D624B-74FF-483D-8441-D8658C92A546}.Debug|Any CPU.ActiveCfg = Debug|Any CPU
		{AE4D624B-74FF-483D-8441-D8658C92A546}.Debug|Any CPU.Build.0 = Debug|Any CPU
		{AE4D624B-74FF-483D-8441-D8658C92A546}.Release|Any CPU.ActiveCfg = Release|Any CPU
		{AE4D624B-74FF-483D-8441-D8658C92A546}.Release|Any CPU.Build.0 = Release|Any CPU
		{CCF5FCEC-796E-4048-90C2-D938F4ADA65F}.Debug|Any CPU.ActiveCfg = Debug|Any CPU
		{CCF5FCEC-796E-4048-90C2-D938F4ADA65F}.Debug|Any CPU.Build.0 = Debug|Any CPU
		{CCF5FCEC-796E-4048-90C2-D938F4ADA65F}.Release|Any CPU.ActiveCfg = Release|Any CPU
		{CCF5FCEC-796E-4048-90C2-D938F4ADA65F}.Release|Any CPU.Build.0 = Release|Any CPU
		{F3983128-8144-4BFF-A130-0E8C21DA64BE}.Debug|Any CPU.ActiveCfg = Debug|Any CPU
		{F3983128-8144-4BFF-A130-0E8C21DA64BE}.Debug|Any CPU.Build.0 = Debug|Any CPU
		{F3983128-8144-4BFF-A130-0E8C21DA64BE}.Release|Any CPU.ActiveCfg = Release|Any CPU
		{F3983128-8144-4BFF-A130-0E8C21DA64BE}.Release|Any CPU.Build.0 = Release|Any CPU
		{0518CBF8-64C7-4FCC-9A79-70222CE63DB9}.Debug|Any CPU.ActiveCfg = Debug|Any CPU
		{0518CBF8-64C7-4FCC-9A79-70222CE63DB9}.Debug|Any CPU.Build.0 = Debug|Any CPU
		{0518CBF8-64C7-4FCC-9A79-70222CE63DB9}.Release|Any CPU.ActiveCfg = Release|Any CPU
		{0518CBF8-64C7-4FCC-9A79-70222CE63DB9}.Release|Any CPU.Build.0 = Release|Any CPU
		{AB183C82-F62F-4542-89AA-A459919F17CE}.Debug|Any CPU.ActiveCfg = Debug|Any CPU
		{AB183C82-F62F-4542-89AA-A459919F17CE}.Debug|Any CPU.Build.0 = Debug|Any CPU
		{AB183C82-F62F-4542-89AA-A459919F17CE}.Release|Any CPU.ActiveCfg = Release|Any CPU
		{AB183C82-F62F-4542-89AA-A459919F17CE}.Release|Any CPU.Build.0 = Release|Any CPU
		{0A0521E8-B970-4420-B39F-E0A4DCAF9D9F}.Debug|Any CPU.ActiveCfg = Debug|Any CPU
		{0A0521E8-B970-4420-B39F-E0A4DCAF9D9F}.Debug|Any CPU.Build.0 = Debug|Any CPU
		{0A0521E8-B970-4420-B39F-E0A4DCAF9D9F}.Release|Any CPU.ActiveCfg = Release|Any CPU
		{0A0521E8-B970-4420-B39F-E0A4DCAF9D9F}.Release|Any CPU.Build.0 = Release|Any CPU
		{0AC58A0A-481E-467A-82FD-2CD9B91D9CDA}.Debug|Any CPU.ActiveCfg = Debug|Any CPU
		{0AC58A0A-481E-467A-82FD-2CD9B91D9CDA}.Debug|Any CPU.Build.0 = Debug|Any CPU
		{0AC58A0A-481E-467A-82FD-2CD9B91D9CDA}.Release|Any CPU.ActiveCfg = Release|Any CPU
		{0AC58A0A-481E-467A-82FD-2CD9B91D9CDA}.Release|Any CPU.Build.0 = Release|Any CPU
		{6E5F0171-B304-4848-B6F8-2148145DF3C9}.Debug|Any CPU.ActiveCfg = Debug|Any CPU
		{6E5F0171-B304-4848-B6F8-2148145DF3C9}.Debug|Any CPU.Build.0 = Debug|Any CPU
		{6E5F0171-B304-4848-B6F8-2148145DF3C9}.Release|Any CPU.ActiveCfg = Release|Any CPU
		{6E5F0171-B304-4848-B6F8-2148145DF3C9}.Release|Any CPU.Build.0 = Release|Any CPU
		{2327C68E-E38D-4C8A-B882-B87DE8B2F03A}.Debug|Any CPU.ActiveCfg = Debug|Any CPU
		{2327C68E-E38D-4C8A-B882-B87DE8B2F03A}.Debug|Any CPU.Build.0 = Debug|Any CPU
		{2327C68E-E38D-4C8A-B882-B87DE8B2F03A}.Release|Any CPU.ActiveCfg = Release|Any CPU
		{2327C68E-E38D-4C8A-B882-B87DE8B2F03A}.Release|Any CPU.Build.0 = Release|Any CPU
		{5D4789C5-3CD9-463F-97D2-3E97BA2F0182}.Debug|Any CPU.ActiveCfg = Debug|Any CPU
		{5D4789C5-3CD9-463F-97D2-3E97BA2F0182}.Debug|Any CPU.Build.0 = Debug|Any CPU
		{5D4789C5-3CD9-463F-97D2-3E97BA2F0182}.Release|Any CPU.ActiveCfg = Release|Any CPU
		{5D4789C5-3CD9-463F-97D2-3E97BA2F0182}.Release|Any CPU.Build.0 = Release|Any CPU
		{0933A565-4477-4104-8887-DF7F610347DA}.Debug|Any CPU.ActiveCfg = Debug|Any CPU
		{0933A565-4477-4104-8887-DF7F610347DA}.Debug|Any CPU.Build.0 = Debug|Any CPU
		{0933A565-4477-4104-8887-DF7F610347DA}.Release|Any CPU.ActiveCfg = Release|Any CPU
		{0933A565-4477-4104-8887-DF7F610347DA}.Release|Any CPU.Build.0 = Release|Any CPU
		{932B756C-F345-44D5-9348-16405D0AD27E}.Debug|Any CPU.ActiveCfg = Debug|Any CPU
		{932B756C-F345-44D5-9348-16405D0AD27E}.Debug|Any CPU.Build.0 = Debug|Any CPU
		{932B756C-F345-44D5-9348-16405D0AD27E}.Release|Any CPU.ActiveCfg = Release|Any CPU
		{932B756C-F345-44D5-9348-16405D0AD27E}.Release|Any CPU.Build.0 = Release|Any CPU
		{0C34BE21-97CE-4DF5-8ED2-DD0BB47100BA}.Debug|Any CPU.ActiveCfg = Debug|Any CPU
		{0C34BE21-97CE-4DF5-8ED2-DD0BB47100BA}.Debug|Any CPU.Build.0 = Debug|Any CPU
		{0C34BE21-97CE-4DF5-8ED2-DD0BB47100BA}.Release|Any CPU.ActiveCfg = Release|Any CPU
		{0C34BE21-97CE-4DF5-8ED2-DD0BB47100BA}.Release|Any CPU.Build.0 = Release|Any CPU
		{E761340A-29FA-475B-8FE9-CC4EE9FAA74F}.Debug|Any CPU.ActiveCfg = Debug|Any CPU
		{E761340A-29FA-475B-8FE9-CC4EE9FAA74F}.Debug|Any CPU.Build.0 = Debug|Any CPU
		{E761340A-29FA-475B-8FE9-CC4EE9FAA74F}.Release|Any CPU.ActiveCfg = Release|Any CPU
		{E761340A-29FA-475B-8FE9-CC4EE9FAA74F}.Release|Any CPU.Build.0 = Release|Any CPU
		{52E6A163-C00F-4FB9-8D95-7BE8ADDC9384}.Debug|Any CPU.ActiveCfg = Debug|Any CPU
		{52E6A163-C00F-4FB9-8D95-7BE8ADDC9384}.Debug|Any CPU.Build.0 = Debug|Any CPU
		{52E6A163-C00F-4FB9-8D95-7BE8ADDC9384}.Release|Any CPU.ActiveCfg = Release|Any CPU
		{52E6A163-C00F-4FB9-8D95-7BE8ADDC9384}.Release|Any CPU.Build.0 = Release|Any CPU
		{0E6451A2-45DF-4700-AB7B-D2AE835BAB4C}.Debug|Any CPU.ActiveCfg = Debug|Any CPU
		{0E6451A2-45DF-4700-AB7B-D2AE835BAB4C}.Debug|Any CPU.Build.0 = Debug|Any CPU
		{0E6451A2-45DF-4700-AB7B-D2AE835BAB4C}.Release|Any CPU.ActiveCfg = Release|Any CPU
		{0E6451A2-45DF-4700-AB7B-D2AE835BAB4C}.Release|Any CPU.Build.0 = Release|Any CPU
		{4513B256-597D-4286-BB57-B94DB1609B04}.Debug|Any CPU.ActiveCfg = Debug|Any CPU
		{4513B256-597D-4286-BB57-B94DB1609B04}.Debug|Any CPU.Build.0 = Debug|Any CPU
		{4513B256-597D-4286-BB57-B94DB1609B04}.Release|Any CPU.ActiveCfg = Release|Any CPU
		{4513B256-597D-4286-BB57-B94DB1609B04}.Release|Any CPU.Build.0 = Release|Any CPU
		{FFF95B46-558B-47E7-B276-0F5906F6D861}.Debug|Any CPU.ActiveCfg = Debug|Any CPU
		{FFF95B46-558B-47E7-B276-0F5906F6D861}.Debug|Any CPU.Build.0 = Debug|Any CPU
		{FFF95B46-558B-47E7-B276-0F5906F6D861}.Release|Any CPU.ActiveCfg = Release|Any CPU
		{FFF95B46-558B-47E7-B276-0F5906F6D861}.Release|Any CPU.Build.0 = Release|Any CPU
		{7CF42328-358E-43FC-99BA-C18520152363}.Debug|Any CPU.ActiveCfg = Debug|Any CPU
		{7CF42328-358E-43FC-99BA-C18520152363}.Debug|Any CPU.Build.0 = Debug|Any CPU
		{7CF42328-358E-43FC-99BA-C18520152363}.Release|Any CPU.ActiveCfg = Release|Any CPU
		{7CF42328-358E-43FC-99BA-C18520152363}.Release|Any CPU.Build.0 = Release|Any CPU
		{BFCEC41E-505C-489F-84DD-EA1D8FA1574C}.Debug|Any CPU.ActiveCfg = Debug|Any CPU
		{BFCEC41E-505C-489F-84DD-EA1D8FA1574C}.Debug|Any CPU.Build.0 = Debug|Any CPU
		{BFCEC41E-505C-489F-84DD-EA1D8FA1574C}.Release|Any CPU.ActiveCfg = Release|Any CPU
		{BFCEC41E-505C-489F-84DD-EA1D8FA1574C}.Release|Any CPU.Build.0 = Release|Any CPU
	EndGlobalSection
	GlobalSection(SolutionProperties) = preSolution
		HideSolutionNode = FALSE
	EndGlobalSection
	GlobalSection(NestedProjects) = preSolution
		{AE4D624B-74FF-483D-8441-D8658C92A546} = {60A63568-968A-44A3-BFF1-D516F5E104DC}
		{CCF5FCEC-796E-4048-90C2-D938F4ADA65F} = {0481D265-B1B7-4BB2-9A39-B6C374CCFC73}
		{F3983128-8144-4BFF-A130-0E8C21DA64BE} = {FF30D2B9-590C-4A8C-AEB4-E6B82EDB931F}
		{0518CBF8-64C7-4FCC-9A79-70222CE63DB9} = {FF30D2B9-590C-4A8C-AEB4-E6B82EDB931F}
		{AB183C82-F62F-4542-89AA-A459919F17CE} = {FF30D2B9-590C-4A8C-AEB4-E6B82EDB931F}
		{0A0521E8-B970-4420-B39F-E0A4DCAF9D9F} = {9EF504F3-6E4A-4FAA-B3B1-C5552CC6B737}
		{0AC58A0A-481E-467A-82FD-2CD9B91D9CDA} = {9EF504F3-6E4A-4FAA-B3B1-C5552CC6B737}
		{6E5F0171-B304-4848-B6F8-2148145DF3C9} = {9EF504F3-6E4A-4FAA-B3B1-C5552CC6B737}
		{2327C68E-E38D-4C8A-B882-B87DE8B2F03A} = {09056545-774B-4EF3-A156-462215B66F2E}
		{5D4789C5-3CD9-463F-97D2-3E97BA2F0182} = {09056545-774B-4EF3-A156-462215B66F2E}
		{0933A565-4477-4104-8887-DF7F610347DA} = {09056545-774B-4EF3-A156-462215B66F2E}
		{932B756C-F345-44D5-9348-16405D0AD27E} = {9BAB2CC7-BA64-441C-BF4D-7508F28D9BD1}
		{0C34BE21-97CE-4DF5-8ED2-DD0BB47100BA} = {9BAB2CC7-BA64-441C-BF4D-7508F28D9BD1}
		{E761340A-29FA-475B-8FE9-CC4EE9FAA74F} = {9BAB2CC7-BA64-441C-BF4D-7508F28D9BD1}
		{52E6A163-C00F-4FB9-8D95-7BE8ADDC9384} = {A18D160A-E492-47A2-8029-04DD6271625D}
		{0E6451A2-45DF-4700-AB7B-D2AE835BAB4C} = {A18D160A-E492-47A2-8029-04DD6271625D}
		{4513B256-597D-4286-BB57-B94DB1609B04} = {A18D160A-E492-47A2-8029-04DD6271625D}
		{FFF95B46-558B-47E7-B276-0F5906F6D861} = {865EB654-838B-4C90-BAC9-EF8439F6083F}
		{7CF42328-358E-43FC-99BA-C18520152363} = {865EB654-838B-4C90-BAC9-EF8439F6083F}
		{BFCEC41E-505C-489F-84DD-EA1D8FA1574C} = {865EB654-838B-4C90-BAC9-EF8439F6083F}
	EndGlobalSection
	GlobalSection(ExtensibilityGlobals) = postSolution
		SolutionGuid = {1137A125-6450-477C-B927-7292D474872C}
	EndGlobalSection
EndGlobal
